Microsoft Visual Studio Solution File, Format Version 12.00
# Visual Studio Version 17
VisualStudioVersion = 17.5.2.0
MinimumVisualStudioVersion = 10.0.40219.1
Project("{FAE04EC0-301F-11D3-BF4B-00C04F79EFBC}") = "Task.Catalog.Service", "Task.Catalog.Service.csproj", "{BF073791-3C23-6B16-617E-F01AF69BBCAC}"
EndProject
Global
	GlobalSection(SolutionConfigurationPlatforms) = preSolution
		Debug|Any CPU = Debug|Any CPU
		Release|Any CPU = Release|Any CPU
	EndGlobalSection
	GlobalSection(ProjectConfigurationPlatforms) = postSolution
		{BF073791-3C23-6B16-617E-F01AF69BBCAC}.Debug|Any CPU.ActiveCfg = Debug|Any CPU
		{BF073791-3C23-6B16-617E-F01AF69BBCAC}.Debug|Any CPU.Build.0 = Debug|Any CPU
		{BF073791-3C23-6B16-617E-F01AF69BBCAC}.Release|Any CPU.ActiveCfg = Release|Any CPU
		{BF073791-3C23-6B16-617E-F01AF69BBCAC}.Release|Any CPU.Build.0 = Release|Any CPU
	EndGlobalSection
	GlobalSection(SolutionProperties) = preSolution
		HideSolutionNode = FALSE
	EndGlobalSection
	GlobalSection(ExtensibilityGlobals) = postSolution
		SolutionGuid = {AA23A61C-74CD-4D70-B641-3F751D33219A}
	EndGlobalSection
EndGlobal
